
Microsoft Visual Studio Solution File, Format Version 12.00
# Visual Studio 14
VisualStudioVersion = 14.0.23107.0
MinimumVisualStudioVersion = 10.0.40219.1
Project("{2150E333-8FDC-42A3-9474-1A3956D46DE8}") = "Server", "Server", "{57AC25BB-F086-4FFC-BC0F-B194D2C182C5}"
EndProject
Project("{2150E333-8FDC-42A3-9474-1A3956D46DE8}") = "Data", "Data", "{89A32729-111A-41BD-8503-D81D8ECB5290}"
EndProject
Project("{2150E333-8FDC-42A3-9474-1A3956D46DE8}") = "Services", "Services", "{DFCED5F3-2686-4A0B-83CA-ABF1F1A9612F}"
EndProject
Project("{2150E333-8FDC-42A3-9474-1A3956D46DE8}") = "Tests", "Tests", "{972CECF4-4D5E-4CE1-8E5C-C27B4555508A}"
EndProject
Project("{FAE04EC0-301F-11D3-BF4B-00C04F79EFBC}") = "Sample.Server.API", "Server\Sample.Server.API\Sample.Server.API.csproj", "{FFB135B0-5F87-4CB9-B93A-E7B7AF0BD29D}"
EndProject
Project("{FAE04EC0-301F-11D3-BF4B-00C04F79EFBC}") = "Sample.Server.DataTransferModels", "Server\Sample.Server.DataTransferModels\Sample.Server.DataTransferModels.csproj", "{8B223247-FF6F-4824-A088-20E314CCA7E6}"
EndProject
Project("{FAE04EC0-301F-11D3-BF4B-00C04F79EFBC}") = "Sample.Server.Infrastructure", "Server\Sample.Server.Infrastructure\Sample.Server.Infrastructure.csproj", "{51AD2630-144F-4A30-9BC7-8E9B03A578B8}"
EndProject
Project("{FAE04EC0-301F-11D3-BF4B-00C04F79EFBC}") = "Sample.Server.Common", "Server\Sample.Server.Common\Sample.Server.Common.csproj", "{3D6FA814-DCAF-4629-AD0B-F786330A1F18}"
EndProject
Project("{FAE04EC0-301F-11D3-BF4B-00C04F79EFBC}") = "Sample.Data", "Data\Sample.Data\Sample.Data.csproj", "{B907B006-A3F0-424C-A6A7-77FC67A7B22E}"
EndProject
Project("{FAE04EC0-301F-11D3-BF4B-00C04F79EFBC}") = "Sample.Data.Models", "Data\Sample.Data.Models\Sample.Data.Models.csproj", "{3A0ACC93-7F52-4CFC-B796-EFAEA960875B}"
EndProject
Project("{FAE04EC0-301F-11D3-BF4B-00C04F79EFBC}") = "Sample.Data.Common", "Data\Sample.Data.Common\Sample.Data.Common.csproj", "{A3517B2F-0F8F-4731-80AF-1645A135033B}"
EndProject
Project("{FAE04EC0-301F-11D3-BF4B-00C04F79EFBC}") = "Sample.Services.Data", "Services\Sample.Services.Data\Sample.Services.Data.csproj", "{62A695C6-2F8A-4347-8009-ABB0D679B912}"
EndProject
Project("{FAE04EC0-301F-11D3-BF4B-00C04F79EFBC}") = "Sample.Services.Common", "Services\Sample.Services.Common\Sample.Services.Common.csproj", "{690B2741-FBBD-454F-A398-4720FA1422FD}"
EndProject
Global
	GlobalSection(SolutionConfigurationPlatforms) = preSolution
		Debug|Any CPU = Debug|Any CPU
		Release|Any CPU = Release|Any CPU
	EndGlobalSection
	GlobalSection(ProjectConfigurationPlatforms) = postSolution
		{FFB135B0-5F87-4CB9-B93A-E7B7AF0BD29D}.Debug|Any CPU.ActiveCfg = Debug|Any CPU
		{FFB135B0-5F87-4CB9-B93A-E7B7AF0BD29D}.Debug|Any CPU.Build.0 = Debug|Any CPU
		{FFB135B0-5F87-4CB9-B93A-E7B7AF0BD29D}.Release|Any CPU.ActiveCfg = Release|Any CPU
		{FFB135B0-5F87-4CB9-B93A-E7B7AF0BD29D}.Release|Any CPU.Build.0 = Release|Any CPU
		{8B223247-FF6F-4824-A088-20E314CCA7E6}.Debug|Any CPU.ActiveCfg = Debug|Any CPU
		{8B223247-FF6F-4824-A088-20E314CCA7E6}.Debug|Any CPU.Build.0 = Debug|Any CPU
		{8B223247-FF6F-4824-A088-20E314CCA7E6}.Release|Any CPU.ActiveCfg = Release|Any CPU
		{8B223247-FF6F-4824-A088-20E314CCA7E6}.Release|Any CPU.Build.0 = Release|Any CPU
		{51AD2630-144F-4A30-9BC7-8E9B03A578B8}.Debug|Any CPU.ActiveCfg = Debug|Any CPU
		{51AD2630-144F-4A30-9BC7-8E9B03A578B8}.Debug|Any CPU.Build.0 = Debug|Any CPU
		{51AD2630-144F-4A30-9BC7-8E9B03A578B8}.Release|Any CPU.ActiveCfg = Release|Any CPU
		{51AD2630-144F-4A30-9BC7-8E9B03A578B8}.Release|Any CPU.Build.0 = Release|Any CPU
		{3D6FA814-DCAF-4629-AD0B-F786330A1F18}.Debug|Any CPU.ActiveCfg = Debug|Any CPU
		{3D6FA814-DCAF-4629-AD0B-F786330A1F18}.Debug|Any CPU.Build.0 = Debug|Any CPU
		{3D6FA814-DCAF-4629-AD0B-F786330A1F18}.Release|Any CPU.ActiveCfg = Release|Any CPU
		{3D6FA814-DCAF-4629-AD0B-F786330A1F18}.Release|Any CPU.Build.0 = Release|Any CPU
		{B907B006-A3F0-424C-A6A7-77FC67A7B22E}.Debug|Any CPU.ActiveCfg = Debug|Any CPU
		{B907B006-A3F0-424C-A6A7-77FC67A7B22E}.Debug|Any CPU.Build.0 = Debug|Any CPU
		{B907B006-A3F0-424C-A6A7-77FC67A7B22E}.Release|Any CPU.ActiveCfg = Release|Any CPU
		{B907B006-A3F0-424C-A6A7-77FC67A7B22E}.Release|Any CPU.Build.0 = Release|Any CPU
		{3A0ACC93-7F52-4CFC-B796-EFAEA960875B}.Debug|Any CPU.ActiveCfg = Debug|Any CPU
		{3A0ACC93-7F52-4CFC-B796-EFAEA960875B}.Debug|Any CPU.Build.0 = Debug|Any CPU
		{3A0ACC93-7F52-4CFC-B796-EFAEA960875B}.Release|Any CPU.ActiveCfg = Release|Any CPU
		{3A0ACC93-7F52-4CFC-B796-EFAEA960875B}.Release|Any CPU.Build.0 = Release|Any CPU
		{A3517B2F-0F8F-4731-80AF-1645A135033B}.Debug|Any CPU.ActiveCfg = Debug|Any CPU
		{A3517B2F-0F8F-4731-80AF-1645A135033B}.Debug|Any CPU.Build.0 = Debug|Any CPU
		{A3517B2F-0F8F-4731-80AF-1645A135033B}.Release|Any CPU.ActiveCfg = Release|Any CPU
		{A3517B2F-0F8F-4731-80AF-1645A135033B}.Release|Any CPU.Build.0 = Release|Any CPU
		{62A695C6-2F8A-4347-8009-ABB0D679B912}.Debug|Any CPU.ActiveCfg = Debug|Any CPU
		{62A695C6-2F8A-4347-8009-ABB0D679B912}.Debug|Any CPU.Build.0 = Debug|Any CPU
		{62A695C6-2F8A-4347-8009-ABB0D679B912}.Release|Any CPU.ActiveCfg = Release|Any CPU
		{62A695C6-2F8A-4347-8009-ABB0D679B912}.Release|Any CPU.Build.0 = Release|Any CPU
		{690B2741-FBBD-454F-A398-4720FA1422FD}.Debug|Any CPU.ActiveCfg = Debug|Any CPU
		{690B2741-FBBD-454F-A398-4720FA1422FD}.Debug|Any CPU.Build.0 = Debug|Any CPU
		{690B2741-FBBD-454F-A398-4720FA1422FD}.Release|Any CPU.ActiveCfg = Release|Any CPU
		{690B2741-FBBD-454F-A398-4720FA1422FD}.Release|Any CPU.Build.0 = Release|Any CPU
	EndGlobalSection
	GlobalSection(SolutionProperties) = preSolution
		HideSolutionNode = FALSE
	EndGlobalSection
	GlobalSection(NestedProjects) = preSolution
		{FFB135B0-5F87-4CB9-B93A-E7B7AF0BD29D} = {57AC25BB-F086-4FFC-BC0F-B194D2C182C5}
		{8B223247-FF6F-4824-A088-20E314CCA7E6} = {57AC25BB-F086-4FFC-BC0F-B194D2C182C5}
		{51AD2630-144F-4A30-9BC7-8E9B03A578B8} = {57AC25BB-F086-4FFC-BC0F-B194D2C182C5}
		{3D6FA814-DCAF-4629-AD0B-F786330A1F18} = {57AC25BB-F086-4FFC-BC0F-B194D2C182C5}
		{B907B006-A3F0-424C-A6A7-77FC67A7B22E} = {89A32729-111A-41BD-8503-D81D8ECB5290}
		{3A0ACC93-7F52-4CFC-B796-EFAEA960875B} = {89A32729-111A-41BD-8503-D81D8ECB5290}
		{A3517B2F-0F8F-4731-80AF-1645A135033B} = {89A32729-111A-41BD-8503-D81D8ECB5290}
		{62A695C6-2F8A-4347-8009-ABB0D679B912} = {DFCED5F3-2686-4A0B-83CA-ABF1F1A9612F}
		{690B2741-FBBD-454F-A398-4720FA1422FD} = {DFCED5F3-2686-4A0B-83CA-ABF1F1A9612F}
	EndGlobalSection
EndGlobal
